// !$*UTF8*$!
{
	archiveVersion = 1;
	classes = {
	};
	objectVersion = 50;
	objects = {

/* Begin PBXBuildFile section */
		0277F1912FC03A5161477836 /* Assets.xcassets in Resources */ = {isa = PBXBuildFile; fileRef = E81CB04251E8B8DC6DB472B8 /* Assets.xcassets */; };
		02856983D3B0A8393E5EB857 /* Bundle+HealthManager.swift in Sources */ = {isa = PBXBuildFile; fileRef = 2AA292056F6A251C669F3E31 /* Bundle+HealthManager.swift */; };
		206FEC9F6927F3788F53A75A /* ViewController.swift in Sources */ = {isa = PBXBuildFile; fileRef = D1D5E74A98E2075CD003B362 /* ViewController.swift */; };
		23D8666D26A5B992A7E1656A /* AppDelegate.swift in Sources */ = {isa = PBXBuildFile; fileRef = 5A3567E88590389D30958960 /* AppDelegate.swift */; };
		3BA58677BA2A7FB92EFB514E /* SceneDelegate.swift in Sources */ = {isa = PBXBuildFile; fileRef = 55FF8A1484302DCFBC7EEBAC /* SceneDelegate.swift */; };
		B78BD32179C52D698462C482 /* Assets+HealthManager.swift in Sources */ = {isa = PBXBuildFile; fileRef = FB2BBC1CAD4C3BA32D33214B /* Assets+HealthManager.swift */; };
		FB08F20A4DC19AD632EC9E01 /* LaunchScreen.storyboard in Resources */ = {isa = PBXBuildFile; fileRef = 16C06D4779E62FFF18161351 /* LaunchScreen.storyboard */; };
/* End PBXBuildFile section */

/* Begin PBXCopyFilesBuildPhase section */
		F0C4FB3A3C7864C9B286874A /* Embed Frameworks */ = {
			isa = PBXCopyFilesBuildPhase;
			buildActionMask = 2147483647;
			dstPath = "";
			dstSubfolderSpec = 10;
			files = (
			);
			name = "Embed Frameworks";
			runOnlyForDeploymentPostprocessing = 0;
		};
/* End PBXCopyFilesBuildPhase section */

/* Begin PBXFileReference section */
		16C06D4779E62FFF18161351 /* LaunchScreen.storyboard */ = {isa = PBXFileReference; lastKnownFileType = file.storyboard; path = LaunchScreen.storyboard; sourceTree = "<group>"; };
		2AA292056F6A251C669F3E31 /* Bundle+HealthManager.swift */ = {isa = PBXFileReference; lastKnownFileType = sourcecode.swift; path = "Bundle+HealthManager.swift"; sourceTree = "<group>"; };
		5149A4D2728FAFDB2872D96D /* Info.plist */ = {isa = PBXFileReference; lastKnownFileType = text.plist; path = Info.plist; sourceTree = "<group>"; };
		55FF8A1484302DCFBC7EEBAC /* SceneDelegate.swift */ = {isa = PBXFileReference; lastKnownFileType = sourcecode.swift; path = SceneDelegate.swift; sourceTree = "<group>"; };
		5A3567E88590389D30958960 /* AppDelegate.swift */ = {isa = PBXFileReference; lastKnownFileType = sourcecode.swift; path = AppDelegate.swift; sourceTree = "<group>"; };
		A40470E9C249829E9611935A /* HealthManager.app */ = {isa = PBXFileReference; explicitFileType = wrapper.application; includeInIndex = 0; path = HealthManager.app; sourceTree = BUILT_PRODUCTS_DIR; };
		D1D5E74A98E2075CD003B362 /* ViewController.swift */ = {isa = PBXFileReference; lastKnownFileType = sourcecode.swift; path = ViewController.swift; sourceTree = "<group>"; };
		E81CB04251E8B8DC6DB472B8 /* Assets.xcassets */ = {isa = PBXFileReference; lastKnownFileType = folder.assetcatalog; path = Assets.xcassets; sourceTree = "<group>"; };
		FB2BBC1CAD4C3BA32D33214B /* Assets+HealthManager.swift */ = {isa = PBXFileReference; lastKnownFileType = sourcecode.swift; path = "Assets+HealthManager.swift"; sourceTree = "<group>"; };
/* End PBXFileReference section */

/* Begin PBXFrameworksBuildPhase section */
		FEFFD63F9DD44E37ABAB810F /* Frameworks */ = {
			isa = PBXFrameworksBuildPhase;
			buildActionMask = 2147483647;
			files = (
			);
			runOnlyForDeploymentPostprocessing = 0;
		};
/* End PBXFrameworksBuildPhase section */

/* Begin PBXGroup section */
		1A28113F3D7177718B84B634 /* Source */ = {
			isa = PBXGroup;
			children = (
				94313462704C5AA702DE3F9A /* App */,
				D1D5E74A98E2075CD003B362 /* ViewController.swift */,
			);
			path = Source;
			sourceTree = "<group>";
		};
		41D9FDE6C990C894932584C6 = {
			isa = PBXGroup;
			children = (
				FDD50A3E2437D594D5347EE8 /* Project */,
				68C30B78EC06E6E9E1F76B2A /* Frameworks */,
				E27535B28DFD632436D82FFB /* Products */,
			);
			sourceTree = "<group>";
		};
		44CECF24595BD4412F4D5F0D /* Derived */ = {
			isa = PBXGroup;
			children = (
				6CD9C1A5B4A9D51D00BE8E35 /* Sources */,
			);
			path = Derived;
			sourceTree = "<group>";
		};
		68C30B78EC06E6E9E1F76B2A /* Frameworks */ = {
			isa = PBXGroup;
			children = (
			);
			name = Frameworks;
			sourceTree = "<group>";
		};
		6CD9C1A5B4A9D51D00BE8E35 /* Sources */ = {
			isa = PBXGroup;
			children = (
				FB2BBC1CAD4C3BA32D33214B /* Assets+HealthManager.swift */,
				2AA292056F6A251C669F3E31 /* Bundle+HealthManager.swift */,
			);
			path = Sources;
			sourceTree = "<group>";
		};
		94313462704C5AA702DE3F9A /* App */ = {
			isa = PBXGroup;
			children = (
				5A3567E88590389D30958960 /* AppDelegate.swift */,
				55FF8A1484302DCFBC7EEBAC /* SceneDelegate.swift */,
			);
			path = App;
			sourceTree = "<group>";
		};
		CB58C3598B1EF974231C5984 /* Resource */ = {
			isa = PBXGroup;
			children = (
				E81CB04251E8B8DC6DB472B8 /* Assets.xcassets */,
				16C06D4779E62FFF18161351 /* LaunchScreen.storyboard */,
			);
			path = Resource;
			sourceTree = "<group>";
		};
		E27535B28DFD632436D82FFB /* Products */ = {
			isa = PBXGroup;
			children = (
				A40470E9C249829E9611935A /* HealthManager.app */,
			);
			name = Products;
			sourceTree = "<group>";
		};
		FC635D82D8C30C61B2744342 /* Support */ = {
			isa = PBXGroup;
			children = (
				5149A4D2728FAFDB2872D96D /* Info.plist */,
			);
			path = Support;
			sourceTree = "<group>";
		};
		FDD50A3E2437D594D5347EE8 /* Project */ = {
			isa = PBXGroup;
			children = (
				44CECF24595BD4412F4D5F0D /* Derived */,
				CB58C3598B1EF974231C5984 /* Resource */,
				1A28113F3D7177718B84B634 /* Source */,
				FC635D82D8C30C61B2744342 /* Support */,
			);
			name = Project;
			sourceTree = "<group>";
		};
/* End PBXGroup section */

/* Begin PBXNativeTarget section */
		34733891DCC9AD9C8F3E3DA4 /* HealthManager */ = {
			isa = PBXNativeTarget;
			buildConfigurationList = 6A90E6AF003850A41FF3BA81 /* Build configuration list for PBXNativeTarget "HealthManager" */;
			buildPhases = (
				49FB7B2A66D27B8B7E05CC9F /* Sources */,
				0D14D7E01638EBBA3CD0DD6B /* Resources */,
				F0C4FB3A3C7864C9B286874A /* Embed Frameworks */,
				FEFFD63F9DD44E37ABAB810F /* Frameworks */,
			);
			buildRules = (
			);
			dependencies = (
			);
			name = HealthManager;
			productName = HealthManager;
			productReference = A40470E9C249829E9611935A /* HealthManager.app */;
			productType = "com.apple.product-type.application";
		};
/* End PBXNativeTarget section */

/* Begin PBXProject section */
		1FF9EF8DFB06F1C8B6238F45 /* Project object */ = {
			isa = PBXProject;
			attributes = {
				ORGANIZATIONNAME = com.tm;
				TargetAttributes = {
				};
			};
			buildConfigurationList = 7FCBAD8A4FD1F6E9D8C37948 /* Build configuration list for PBXProject "HealthManager" */;
			compatibilityVersion = "Xcode 13.0";
			developmentRegion = en;
			hasScannedForEncodings = 0;
			knownRegions = (
				Base,
				en,
			);
			mainGroup = 41D9FDE6C990C894932584C6;
			productRefGroup = E27535B28DFD632436D82FFB /* Products */;
			projectDirPath = "";
			projectRoot = "";
			targets = (
				34733891DCC9AD9C8F3E3DA4 /* HealthManager */,
			);
		};
/* End PBXProject section */

/* Begin PBXResourcesBuildPhase section */
		0D14D7E01638EBBA3CD0DD6B /* Resources */ = {
			isa = PBXResourcesBuildPhase;
			buildActionMask = 2147483647;
			files = (
				0277F1912FC03A5161477836 /* Assets.xcassets in Resources */,
				FB08F20A4DC19AD632EC9E01 /* LaunchScreen.storyboard in Resources */,
			);
			runOnlyForDeploymentPostprocessing = 0;
		};
/* End PBXResourcesBuildPhase section */

/* Begin PBXSourcesBuildPhase section */
		49FB7B2A66D27B8B7E05CC9F /* Sources */ = {
			isa = PBXSourcesBuildPhase;
			buildActionMask = 2147483647;
			files = (
				B78BD32179C52D698462C482 /* Assets+HealthManager.swift in Sources */,
				02856983D3B0A8393E5EB857 /* Bundle+HealthManager.swift in Sources */,
				23D8666D26A5B992A7E1656A /* AppDelegate.swift in Sources */,
				3BA58677BA2A7FB92EFB514E /* SceneDelegate.swift in Sources */,
				206FEC9F6927F3788F53A75A /* ViewController.swift in Sources */,
			);
			runOnlyForDeploymentPostprocessing = 0;
		};
/* End PBXSourcesBuildPhase section */

/* Begin XCBuildConfiguration section */
		1167678800F0299F799FFFE6 /* Debug */ = {
			isa = XCBuildConfiguration;
			buildSettings = {
				ALWAYS_SEARCH_USER_PATHS = NO;
				CLANG_ANALYZER_LOCALIZABILITY_NONLOCALIZED = YES;
				CLANG_ANALYZER_NONNULL = YES;
				CLANG_ANALYZER_NUMBER_OBJECT_CONVERSION = YES_AGGRESSIVE;
				CLANG_CXX_LANGUAGE_STANDARD = "gnu++14";
				CLANG_CXX_LIBRARY = "libc++";
				CLANG_ENABLE_MODULES = YES;
				CLANG_ENABLE_OBJC_ARC = YES;
				CLANG_ENABLE_OBJC_WEAK = YES;
				CLANG_WARN_BLOCK_CAPTURE_AUTORELEASING = YES;
				CLANG_WARN_BOOL_CONVERSION = YES;
				CLANG_WARN_COMMA = YES;
				CLANG_WARN_CONSTANT_CONVERSION = YES;
				CLANG_WARN_DEPRECATED_OBJC_IMPLEMENTATIONS = YES;
				CLANG_WARN_DIRECT_OBJC_ISA_USAGE = YES_ERROR;
				CLANG_WARN_DOCUMENTATION_COMMENTS = YES;
				CLANG_WARN_EMPTY_BODY = YES;
				CLANG_WARN_ENUM_CONVERSION = YES;
				CLANG_WARN_INFINITE_RECURSION = YES;
				CLANG_WARN_INT_CONVERSION = YES;
				CLANG_WARN_NON_LITERAL_NULL_CONVERSION = YES;
				CLANG_WARN_OBJC_IMPLICIT_RETAIN_SELF = YES;
				CLANG_WARN_OBJC_LITERAL_CONVERSION = YES;
				CLANG_WARN_OBJC_ROOT_CLASS = YES_ERROR;
				CLANG_WARN_QUOTED_INCLUDE_IN_FRAMEWORK_HEADER = YES;
				CLANG_WARN_RANGE_LOOP_ANALYSIS = YES;
				CLANG_WARN_STRICT_PROTOTYPES = YES;
				CLANG_WARN_SUSPICIOUS_MOVE = YES;
				CLANG_WARN_UNGUARDED_AVAILABILITY = YES_AGGRESSIVE;
				CLANG_WARN_UNREACHABLE_CODE = YES;
				CLANG_WARN__DUPLICATE_METHOD_MATCH = YES;
				COPY_PHASE_STRIP = NO;
				DEBUG_INFORMATION_FORMAT = dwarf;
				ENABLE_STRICT_OBJC_MSGSEND = YES;
				ENABLE_TESTABILITY = YES;
				GCC_C_LANGUAGE_STANDARD = gnu11;
				GCC_DYNAMIC_NO_PIC = NO;
				GCC_NO_COMMON_BLOCKS = YES;
				GCC_OPTIMIZATION_LEVEL = 0;
				GCC_PREPROCESSOR_DEFINITIONS = (
					"DEBUG=1",
					"$(inherited)",
				);
				GCC_WARN_64_TO_32_BIT_CONVERSION = YES;
				GCC_WARN_ABOUT_RETURN_TYPE = YES_ERROR;
				GCC_WARN_UNDECLARED_SELECTOR = YES;
				GCC_WARN_UNINITIALIZED_AUTOS = YES_AGGRESSIVE;
				GCC_WARN_UNUSED_FUNCTION = YES;
				GCC_WARN_UNUSED_VARIABLE = YES;
				MTL_ENABLE_DEBUG_INFO = YES;
				ONLY_ACTIVE_ARCH = YES;
				PRODUCT_NAME = "$(TARGET_NAME)";
			};
			name = Debug;
		};
		5F27FE87C5D2173AD6142EBD /* Release */ = {
			isa = XCBuildConfiguration;
			buildSettings = {
				ALWAYS_SEARCH_USER_PATHS = NO;
				CLANG_ANALYZER_LOCALIZABILITY_NONLOCALIZED = YES;
				CLANG_ANALYZER_NONNULL = YES;
				CLANG_ANALYZER_NUMBER_OBJECT_CONVERSION = YES_AGGRESSIVE;
				CLANG_CXX_LANGUAGE_STANDARD = "gnu++14";
				CLANG_CXX_LIBRARY = "libc++";
				CLANG_ENABLE_MODULES = YES;
				CLANG_ENABLE_OBJC_ARC = YES;
				CLANG_ENABLE_OBJC_WEAK = YES;
				CLANG_WARN_BLOCK_CAPTURE_AUTORELEASING = YES;
				CLANG_WARN_BOOL_CONVERSION = YES;
				CLANG_WARN_COMMA = YES;
				CLANG_WARN_CONSTANT_CONVERSION = YES;
				CLANG_WARN_DEPRECATED_OBJC_IMPLEMENTATIONS = YES;
				CLANG_WARN_DIRECT_OBJC_ISA_USAGE = YES_ERROR;
				CLANG_WARN_DOCUMENTATION_COMMENTS = YES;
				CLANG_WARN_EMPTY_BODY = YES;
				CLANG_WARN_ENUM_CONVERSION = YES;
				CLANG_WARN_INFINITE_RECURSION = YES;
				CLANG_WARN_INT_CONVERSION = YES;
				CLANG_WARN_NON_LITERAL_NULL_CONVERSION = YES;
				CLANG_WARN_OBJC_IMPLICIT_RETAIN_SELF = YES;
				CLANG_WARN_OBJC_LITERAL_CONVERSION = YES;
				CLANG_WARN_OBJC_ROOT_CLASS = YES_ERROR;
				CLANG_WARN_QUOTED_INCLUDE_IN_FRAMEWORK_HEADER = YES;
				CLANG_WARN_RANGE_LOOP_ANALYSIS = YES;
				CLANG_WARN_STRICT_PROTOTYPES = YES;
				CLANG_WARN_SUSPICIOUS_MOVE = YES;
				CLANG_WARN_UNGUARDED_AVAILABILITY = YES_AGGRESSIVE;
				CLANG_WARN_UNREACHABLE_CODE = YES;
				CLANG_WARN__DUPLICATE_METHOD_MATCH = YES;
				COPY_PHASE_STRIP = NO;
				DEBUG_INFORMATION_FORMAT = "dwarf-with-dsym";
				ENABLE_NS_ASSERTIONS = NO;
				ENABLE_STRICT_OBJC_MSGSEND = YES;
				GCC_C_LANGUAGE_STANDARD = gnu11;
				GCC_NO_COMMON_BLOCKS = YES;
				GCC_WARN_64_TO_32_BIT_CONVERSION = YES;
				GCC_WARN_ABOUT_RETURN_TYPE = YES_ERROR;
				GCC_WARN_UNDECLARED_SELECTOR = YES;
				GCC_WARN_UNINITIALIZED_AUTOS = YES_AGGRESSIVE;
				GCC_WARN_UNUSED_FUNCTION = YES;
				GCC_WARN_UNUSED_VARIABLE = YES;
				MTL_ENABLE_DEBUG_INFO = NO;
				PRODUCT_NAME = "$(TARGET_NAME)";
				VALIDATE_PRODUCT = YES;
			};
			name = Release;
		};
		62ADBE25D75637DA11DE7C2F /* Debug */ = {
			isa = XCBuildConfiguration;
			buildSettings = {
				ASSETCATALOG_COMPILER_APPICON_NAME = AppIcon;
				CODE_SIGN_IDENTITY = "iPhone Developer";
				ENABLE_PREVIEWS = YES;
				INFOPLIST_FILE = Support/Info.plist;
				IPHONEOS_DEPLOYMENT_TARGET = 13.0;
				LD_RUNPATH_SEARCH_PATHS = (
					"$(inherited)",
					"@executable_path/Frameworks",
				);
				PRODUCT_BUNDLE_IDENTIFIER = com.tm.HealthManager;
				PRODUCT_NAME = HealthManager;
				SDKROOT = iphoneos;
				SUPPORTS_MACCATALYST = NO;
				SWIFT_ACTIVE_COMPILATION_CONDITIONS = DEBUG;
				SWIFT_COMPILATION_MODE = singlefile;
				SWIFT_OPTIMIZATION_LEVEL = "-Onone";
				SWIFT_VERSION = 5.6;
				TARGETED_DEVICE_FAMILY = 1;
			};
			name = Debug;
		};
		68BBF7B7DFA2B15D0FEB39AA /* Release */ = {
			isa = XCBuildConfiguration;
			buildSettings = {
				ASSETCATALOG_COMPILER_APPICON_NAME = AppIcon;
				CODE_SIGN_IDENTITY = "iPhone Developer";
				ENABLE_PREVIEWS = YES;
				INFOPLIST_FILE = Support/Info.plist;
				IPHONEOS_DEPLOYMENT_TARGET = 13.0;
				LD_RUNPATH_SEARCH_PATHS = (
					"$(inherited)",
					"@executable_path/Frameworks",
				);
				PRODUCT_BUNDLE_IDENTIFIER = com.tm.HealthManager;
				PRODUCT_NAME = HealthManager;
				SDKROOT = iphoneos;
				SUPPORTS_MACCATALYST = NO;
				SWIFT_COMPILATION_MODE = wholemodule;
				SWIFT_OPTIMIZATION_LEVEL = "-Owholemodule";
				SWIFT_VERSION = 5.6;
				TARGETED_DEVICE_FAMILY = 1;
			};
			name = Release;
		};
/* End XCBuildConfiguration section */

/* Begin XCConfigurationList section */
		6A90E6AF003850A41FF3BA81 /* Build configuration list for PBXNativeTarget "HealthManager" */ = {
			isa = XCConfigurationList;
			buildConfigurations = (
				62ADBE25D75637DA11DE7C2F /* Debug */,
				68BBF7B7DFA2B15D0FEB39AA /* Release */,
			);
			defaultConfigurationIsVisible = 0;
			defaultConfigurationName = Release;
		};
		7FCBAD8A4FD1F6E9D8C37948 /* Build configuration list for PBXProject "HealthManager" */ = {
			isa = XCConfigurationList;
			buildConfigurations = (
				1167678800F0299F799FFFE6 /* Debug */,
				5F27FE87C5D2173AD6142EBD /* Release */,
			);
			defaultConfigurationIsVisible = 0;
			defaultConfigurationName = Release;
		};
/* End XCConfigurationList section */
	};
	rootObject = 1FF9EF8DFB06F1C8B6238F45 /* Project object */;
}
